{
  "name": "fluent-additional-components",
  "version": "0.1.0",
  "lockfileVersion": 2,
  "requires": true,
  "packages": {
    "": {
      "name": "fluent-additional-components",
      "version": "0.1.0",
      "license": "ISC",
      "dependencies": {
        "@fluentui/react": "^8.71.1",
        "react": "^17.0.2"
      },
      "devDependencies": {
        "typescript": "^4.7.2"
      }
    },
    "node_modules/@fluentui/date-time-utilities": {
      "version": "8.5.1",
      "resolved": "https://registry.npmjs.org/@fluentui/date-time-utilities/-/date-time-utilities-8.5.1.tgz",
      "integrity": "sha512-i8GXoIbPipug5cGZ4Dei0oXu7L4wia6DGMAzvabvSHwTjprbR5YjRrrr4UVtBr9gNx1v4Iv1yeD3XSc8DI9JDg==",
      "dependencies": {
        "@fluentui/set-version": "^8.2.1",
        "tslib": "^2.1.0"
      }
    },
    "node_modules/@fluentui/dom-utilities": {
      "version": "2.2.1",
      "resolved": "https://registry.npmjs.org/@fluentui/dom-utilities/-/dom-utilities-2.2.1.tgz",
      "integrity": "sha512-na1+hTRDg2xHSu3Vrr8ITrQpoFChOCSpqTYjLvdRD081p8o61hk9DeaXkUWr8E+2TZ06BXi2t0VyL4wfrYLU8Q==",
      "dependencies": {
        "@fluentui/set-version": "^8.2.1",
        "tslib": "^2.1.0"
      }
    },
    "node_modules/@fluentui/font-icons-mdl2": {
      "version": "8.4.0",
      "resolved": "https://registry.npmjs.org/@fluentui/font-icons-mdl2/-/font-icons-mdl2-8.4.0.tgz",
      "integrity": "sha512-AV3XEOXfMwpXPdK+MJhJqCd9F9SLHTwsLEgP7Veebcg6cHxnYLcQME/QjwOjlVSdApg7pa1anJ0Fmjy4P85s5Q==",
      "dependencies": {
        "@fluentui/set-version": "^8.2.1",
        "@fluentui/style-utilities": "^8.6.7",
        "@fluentui/utilities": "^8.8.3",
        "tslib": "^2.1.0"
      }
    },
    "node_modules/@fluentui/foundation-legacy": {
      "version": "8.2.7",
      "resolved": "https://registry.npmjs.org/@fluentui/foundation-legacy/-/foundation-legacy-8.2.7.tgz",
      "integrity": "sha512-/ehXnwMj2UkjJZc2pdhgBtmpEs4sghxbw2avm4vybFMeLpqyF7stXAGou3/v1ifjMqbYkSYo06uG/kk1B8vqSw==",
      "dependencies": {
        "@fluentui/merge-styles": "^8.5.2",
        "@fluentui/set-version": "^8.2.1",
        "@fluentui/style-utilities": "^8.6.7",
        "@fluentui/utilities": "^8.8.3",
        "tslib": "^2.1.0"
      },
      "peerDependencies": {
        "@types/react": ">=16.8.0 <18.0.0",
        "react": ">=16.8.0 <18.0.0"
      }
    },
    "node_modules/@fluentui/keyboard-key": {
      "version": "0.4.1",
      "resolved": "https://registry.npmjs.org/@fluentui/keyboard-key/-/keyboard-key-0.4.1.tgz",
      "integrity": "sha512-8WkNPh0tnzrrZYs19qN8Zavaebz9FHyTFXKTv0QJ55rZ7uQfAV7VHxS/74aUP4bqeRWJtzaOJKUxkjEAPcDbug==",
      "dependencies": {
        "tslib": "^2.1.0"
      }
    },
    "node_modules/@fluentui/merge-styles": {
      "version": "8.5.2",
      "resolved": "https://registry.npmjs.org/@fluentui/merge-styles/-/merge-styles-8.5.2.tgz",
      "integrity": "sha512-ax8izl48JJuymEuvJzvNH22GHmpPEWLP+h4doyFZ/9IhR9AEycNc2rGBthZ5FiuktnFgusNag1AHr/WCj5pttw==",
      "dependencies": {
        "@fluentui/set-version": "^8.2.1",
        "tslib": "^2.1.0"
      }
    },
    "node_modules/@fluentui/react": {
      "version": "8.71.1",
      "resolved": "https://registry.npmjs.org/@fluentui/react/-/react-8.71.1.tgz",
      "integrity": "sha512-V89vRcPh1qpB89kORQ0ehr4t7ypBy0hAuyMop1GgN7GXFsq3IZpaN2ti/SDiA3fU/jt7Z4SidHhW3+45IVKYrw==",
      "dependencies": {
        "@fluentui/date-time-utilities": "^8.5.1",
        "@fluentui/font-icons-mdl2": "^8.4.0",
        "@fluentui/foundation-legacy": "^8.2.7",
        "@fluentui/merge-styles": "^8.5.2",
        "@fluentui/react-focus": "^8.6.0",
        "@fluentui/react-hooks": "^8.5.5",
        "@fluentui/react-portal-compat-context": "^9.0.0-rc.2",
        "@fluentui/react-window-provider": "^2.2.1",
        "@fluentui/set-version": "^8.2.1",
        "@fluentui/style-utilities": "^8.6.7",
        "@fluentui/theme": "^2.6.6",
        "@fluentui/utilities": "^8.8.3",
        "@microsoft/load-themed-styles": "^1.10.26",
        "tslib": "^2.1.0"
      },
      "peerDependencies": {
        "@types/react": ">=16.8.0 <18.0.0",
        "@types/react-dom": ">=16.8.0 <18.0.0",
        "react": ">=16.8.0 <18.0.0",
        "react-dom": ">=16.8.0 <18.0.0"
      }
    },
    "node_modules/@fluentui/react-focus": {
      "version": "8.6.0",
      "resolved": "https://registry.npmjs.org/@fluentui/react-focus/-/react-focus-8.6.0.tgz",
      "integrity": "sha512-mQWAHZHmKd8hlUqNeagbIYMANECtFVPyizmDl1GIlhpT6bP7LR8xSf5oZ+Yv52tjhWjY4KWfivH9+fiBEUh5Wg==",
      "dependencies": {
        "@fluentui/keyboard-key": "^0.4.1",
        "@fluentui/merge-styles": "^8.5.2",
        "@fluentui/set-version": "^8.2.1",
        "@fluentui/style-utilities": "^8.6.7",
        "@fluentui/utilities": "^8.8.3",
        "tslib": "^2.1.0"
      },
      "peerDependencies": {
        "@types/react": ">=16.8.0 <18.0.0",
        "react": ">=16.8.0 <18.0.0"
      }
    },
    "node_modules/@fluentui/react-hooks": {
      "version": "8.5.5",
      "resolved": "https://registry.npmjs.org/@fluentui/react-hooks/-/react-hooks-8.5.5.tgz",
      "integrity": "sha512-jtEBOi6iubsdyBfW3Z034t2TrF7uncXvx6/yYZn9zD5YBpPMMJKcUmxjbpcApRdMUA6BarKq+MqyvkbxCpcsWw==",
      "dependencies": {
        "@fluentui/react-window-provider": "^2.2.1",
        "@fluentui/set-version": "^8.2.1",
        "@fluentui/utilities": "^8.8.3",
        "tslib": "^2.1.0"
      },
      "peerDependencies": {
        "@types/react": ">=16.8.0 <18.0.0",
        "react": ">=16.8.0 <18.0.0"
      }
    },
    "node_modules/@fluentui/react-portal-compat-context": {
      "version": "9.0.0-rc.2",
      "resolved": "https://registry.npmjs.org/@fluentui/react-portal-compat-context/-/react-portal-compat-context-9.0.0-rc.2.tgz",
      "integrity": "sha512-AAWLmggcbPIfldF3ZeSHpA9J2Z9C0Eano+8hCgKrKJ1b2uGZUzFMqOOgRAKrNwR8Ke4DXXIBlpy/6xbH1OkF8w==",
      "dependencies": {
        "tslib": "^2.1.0"
      },
      "peerDependencies": {
        "@types/react": ">=16.8.0 <18.0.0",
        "react": ">=16.8.0 <18.0.0"
      }
    },
    "node_modules/@fluentui/react-window-provider": {
      "version": "2.2.1",
      "resolved": "https://registry.npmjs.org/@fluentui/react-window-provider/-/react-window-provider-2.2.1.tgz",
      "integrity": "sha512-Y0j+lAYKeD/qswzFZWPkHmvtBlRS2WPJIkpyGvfBVZaCeq3DGKRppoOCOmED762bKOXzM/G/ZNEcBa7CY1gkYw==",
      "dependencies": {
        "@fluentui/set-version": "^8.2.1",
        "tslib": "^2.1.0"
      },
      "peerDependencies": {
        "@types/react": ">=16.8.0 <18.0.0",
        "react": ">=16.8.0 <18.0.0"
      }
    },
    "node_modules/@fluentui/set-version": {
      "version": "8.2.1",
      "resolved": "https://registry.npmjs.org/@fluentui/set-version/-/set-version-8.2.1.tgz",
      "integrity": "sha512-SZMP2P7RSUuVHYWIBcnlxYruvchlnoqensCvoaGeiH0FisO7etwJdFwKNegV7WEA9uS5ZOK3qVmyvD71DxaSng==",
      "dependencies": {
        "tslib": "^2.1.0"
      }
    },
    "node_modules/@fluentui/style-utilities": {
      "version": "8.6.7",
      "resolved": "https://registry.npmjs.org/@fluentui/style-utilities/-/style-utilities-8.6.7.tgz",
      "integrity": "sha512-FVMXM9cuCuEVWvyJLE7rXVmbIvnY6lmyTbJcOwiyZMmQbQkggZnuJPJhDSCHjDW1DiVhEKjqBqOoiV7WqnDvMQ==",
      "dependencies": {
        "@fluentui/merge-styles": "^8.5.2",
        "@fluentui/set-version": "^8.2.1",
        "@fluentui/theme": "^2.6.6",
        "@fluentui/utilities": "^8.8.3",
        "@microsoft/load-themed-styles": "^1.10.26",
        "tslib": "^2.1.0"
      }
    },
    "node_modules/@fluentui/theme": {
      "version": "2.6.6",
      "resolved": "https://registry.npmjs.org/@fluentui/theme/-/theme-2.6.6.tgz",
      "integrity": "sha512-VP2PFZf4eKrXVlCJGHskW7B/oXBLtiEFm3ismRhhWgJCPeekYnHj6Q7wlr4oiEeIJ3TOGySHhdC7d54Zc6dAeA==",
      "dependencies": {
        "@fluentui/merge-styles": "^8.5.2",
        "@fluentui/set-version": "^8.2.1",
        "@fluentui/utilities": "^8.8.3",
        "tslib": "^2.1.0"
      },
      "peerDependencies": {
        "@types/react": ">=16.8.0 <18.0.0",
        "react": ">=16.8.0 <18.0.0"
      }
    },
    "node_modules/@fluentui/utilities": {
      "version": "8.8.3",
      "resolved": "https://registry.npmjs.org/@fluentui/utilities/-/utilities-8.8.3.tgz",
      "integrity": "sha512-ZehG5uy/9v5h/Q4CC9yJ5xEC0jqUJlDYen8Op7ki2vunvE+GTdNP9lkTUk2H7/cVKmSgEHsaMr37ZYc2V1N5vw==",
      "dependencies": {
        "@fluentui/dom-utilities": "^2.2.1",
        "@fluentui/merge-styles": "^8.5.2",
        "@fluentui/set-version": "^8.2.1",
        "tslib": "^2.1.0"
      },
      "peerDependencies": {
        "@types/react": ">=16.8.0 <18.0.0",
        "react": ">=16.8.0 <18.0.0"
      }
    },
    "node_modules/@microsoft/load-themed-styles": {
      "version": "1.10.267",
      "resolved": "https://registry.npmjs.org/@microsoft/load-themed-styles/-/load-themed-styles-1.10.267.tgz",
      "integrity": "sha512-KlmENglyBXXtPfou+1kUtSIHZHmJrmDHYMvTXe82Ibucv+bpFg3xt3qd6UnqqwtaIM3SA+nKu8AhaL9FX6uk4A=="
    },
    "node_modules/@types/prop-types": {
      "version": "15.7.5",
      "resolved": "https://registry.npmjs.org/@types/prop-types/-/prop-types-15.7.5.tgz",
      "integrity": "sha512-JCB8C6SnDoQf0cNycqd/35A7MjcnK+ZTqE7judS6o7utxUCg6imJg3QK2qzHKszlTjcj2cn+NwMB2i96ubpj7w==",
      "peer": true
    },
    "node_modules/@types/react": {
      "version": "17.0.45",
      "resolved": "https://registry.npmjs.org/@types/react/-/react-17.0.45.tgz",
      "integrity": "sha512-YfhQ22Lah2e3CHPsb93tRwIGNiSwkuz1/blk4e6QrWS0jQzCSNbGLtOEYhPg02W0yGTTmpajp7dCTbBAMN3qsg==",
      "peer": true,
      "dependencies": {
        "@types/prop-types": "*",
        "@types/scheduler": "*",
        "csstype": "^3.0.2"
      }
    },
    "node_modules/@types/react-dom": {
      "version": "17.0.17",
      "resolved": "https://registry.npmjs.org/@types/react-dom/-/react-dom-17.0.17.tgz",
      "integrity": "sha512-VjnqEmqGnasQKV0CWLevqMTXBYG9GbwuE6x3VetERLh0cq2LTptFE73MrQi2S7GkKXCf2GgwItB/melLnxfnsg==",
      "peer": true,
      "dependencies": {
        "@types/react": "^17"
      }
    },
    "node_modules/@types/scheduler": {
      "version": "0.16.2",
      "resolved": "https://registry.npmjs.org/@types/scheduler/-/scheduler-0.16.2.tgz",
      "integrity": "sha512-hppQEBDmlwhFAXKJX2KnWLYu5yMfi91yazPb2l+lbJiwW+wdo1gNeRA+3RgNSO39WYX2euey41KEwnqesU2Jew==",
      "peer": true
    },
    "node_modules/csstype": {
      "version": "3.1.0",
      "resolved": "https://registry.npmjs.org/csstype/-/csstype-3.1.0.tgz",
      "integrity": "sha512-uX1KG+x9h5hIJsaKR9xHUeUraxf8IODOwq9JLNPq6BwB04a/xgpq3rcx47l5BZu5zBPlgD342tdke3Hom/nJRA==",
      "peer": true
    },
    "node_modules/js-tokens": {
      "version": "4.0.0",
      "resolved": "https://registry.npmjs.org/js-tokens/-/js-tokens-4.0.0.tgz",
      "integrity": "sha512-RdJUflcE3cUzKiMqQgsCu06FPu9UdIJO0beYbPhHN4k6apgJtifcoCtT9bcxOpYBtpD2kCM6Sbzg4CausW/PKQ=="
    },
    "node_modules/loose-envify": {
      "version": "1.4.0",
      "resolved": "https://registry.npmjs.org/loose-envify/-/loose-envify-1.4.0.tgz",
      "integrity": "sha512-lyuxPGr/Wfhrlem2CL/UcnUc1zcqKAImBDzukY7Y5F/yQiNdko6+fRLevlw1HgMySw7f611UIY408EtxRSoK3Q==",
      "dependencies": {
        "js-tokens": "^3.0.0 || ^4.0.0"
      },
      "bin": {
        "loose-envify": "cli.js"
      }
    },
    "node_modules/object-assign": {
      "version": "4.1.1",
      "resolved": "https://registry.npmjs.org/object-assign/-/object-assign-4.1.1.tgz",
      "integrity": "sha1-IQmtx5ZYh8/AXLvUQsrIv7s2CGM=",
      "engines": {
        "node": ">=0.10.0"
      }
    },
    "node_modules/react": {
      "version": "17.0.2",
      "resolved": "https://registry.npmjs.org/react/-/react-17.0.2.tgz",
      "integrity": "sha512-gnhPt75i/dq/z3/6q/0asP78D0u592D5L1pd7M8P+dck6Fu/jJeL6iVVK23fptSUZj8Vjf++7wXA8UNclGQcbA==",
      "dependencies": {
        "loose-envify": "^1.1.0",
        "object-assign": "^4.1.1"
      },
      "engines": {
        "node": ">=0.10.0"
      }
    },
    "node_modules/react-dom": {
      "version": "17.0.2",
      "resolved": "https://registry.npmjs.org/react-dom/-/react-dom-17.0.2.tgz",
      "integrity": "sha512-s4h96KtLDUQlsENhMn1ar8t2bEa+q/YAtj8pPPdIjPDGBDIVNsrD9aXNWqspUe6AzKCIG0C1HZZLqLV7qpOBGA==",
      "peer": true,
      "dependencies": {
        "loose-envify": "^1.1.0",
        "object-assign": "^4.1.1",
        "scheduler": "^0.20.2"
      },
      "peerDependencies": {
        "react": "17.0.2"
      }
    },
    "node_modules/scheduler": {
      "version": "0.20.2",
      "resolved": "https://registry.npmjs.org/scheduler/-/scheduler-0.20.2.tgz",
      "integrity": "sha512-2eWfGgAqqWFGqtdMmcL5zCMK1U8KlXv8SQFGglL3CEtd0aDVDWgeF/YoCmvln55m5zSk3J/20hTaSBeSObsQDQ==",
      "peer": true,
      "dependencies": {
        "loose-envify": "^1.1.0",
        "object-assign": "^4.1.1"
      }
    },
    "node_modules/tslib": {
      "version": "2.4.0",
      "resolved": "https://registry.npmjs.org/tslib/-/tslib-2.4.0.tgz",
      "integrity": "sha512-d6xOpEDfsi2CZVlPQzGeux8XMwLT9hssAsaPYExaQMuYskwb+x1x7J371tWlbBdWHroy99KnVB6qIkUbs5X3UQ=="
    },
    "node_modules/typescript": {
      "version": "4.7.2",
      "resolved": "https://registry.npmjs.org/typescript/-/typescript-4.7.2.tgz",
      "integrity": "sha512-Mamb1iX2FDUpcTRzltPxgWMKy3fhg0TN378ylbktPGPK/99KbDtMQ4W1hwgsbPAsG3a0xKa1vmw4VKZQbkvz5A==",
      "dev": true,
      "bin": {
        "tsc": "bin/tsc",
        "tsserver": "bin/tsserver"
      },
      "engines": {
        "node": ">=4.2.0"
      }
    }
  },
  "dependencies": {
    "@fluentui/date-time-utilities": {
      "version": "8.5.1",
      "resolved": "https://registry.npmjs.org/@fluentui/date-time-utilities/-/date-time-utilities-8.5.1.tgz",
      "integrity": "sha512-i8GXoIbPipug5cGZ4Dei0oXu7L4wia6DGMAzvabvSHwTjprbR5YjRrrr4UVtBr9gNx1v4Iv1yeD3XSc8DI9JDg==",
      "requires": {
        "@fluentui/set-version": "^8.2.1",
        "tslib": "^2.1.0"
      }
    },
    "@fluentui/dom-utilities": {
      "version": "2.2.1",
      "resolved": "https://registry.npmjs.org/@fluentui/dom-utilities/-/dom-utilities-2.2.1.tgz",
      "integrity": "sha512-na1+hTRDg2xHSu3Vrr8ITrQpoFChOCSpqTYjLvdRD081p8o61hk9DeaXkUWr8E+2TZ06BXi2t0VyL4wfrYLU8Q==",
      "requires": {
        "@fluentui/set-version": "^8.2.1",
        "tslib": "^2.1.0"
      }
    },
    "@fluentui/font-icons-mdl2": {
      "version": "8.4.0",
      "resolved": "https://registry.npmjs.org/@fluentui/font-icons-mdl2/-/font-icons-mdl2-8.4.0.tgz",
      "integrity": "sha512-AV3XEOXfMwpXPdK+MJhJqCd9F9SLHTwsLEgP7Veebcg6cHxnYLcQME/QjwOjlVSdApg7pa1anJ0Fmjy4P85s5Q==",
      "requires": {
        "@fluentui/set-version": "^8.2.1",
        "@fluentui/style-utilities": "^8.6.7",
        "@fluentui/utilities": "^8.8.3",
        "tslib": "^2.1.0"
      }
    },
    "@fluentui/foundation-legacy": {
      "version": "8.2.7",
      "resolved": "https://registry.npmjs.org/@fluentui/foundation-legacy/-/foundation-legacy-8.2.7.tgz",
      "integrity": "sha512-/ehXnwMj2UkjJZc2pdhgBtmpEs4sghxbw2avm4vybFMeLpqyF7stXAGou3/v1ifjMqbYkSYo06uG/kk1B8vqSw==",
      "requires": {
        "@fluentui/merge-styles": "^8.5.2",
        "@fluentui/set-version": "^8.2.1",
        "@fluentui/style-utilities": "^8.6.7",
        "@fluentui/utilities": "^8.8.3",
        "tslib": "^2.1.0"
      }
    },
    "@fluentui/keyboard-key": {
      "version": "0.4.1",
      "resolved": "https://registry.npmjs.org/@fluentui/keyboard-key/-/keyboard-key-0.4.1.tgz",
      "integrity": "sha512-8WkNPh0tnzrrZYs19qN8Zavaebz9FHyTFXKTv0QJ55rZ7uQfAV7VHxS/74aUP4bqeRWJtzaOJKUxkjEAPcDbug==",
      "requires": {
        "tslib": "^2.1.0"
      }
    },
    "@fluentui/merge-styles": {
      "version": "8.5.2",
      "resolved": "https://registry.npmjs.org/@fluentui/merge-styles/-/merge-styles-8.5.2.tgz",
      "integrity": "sha512-ax8izl48JJuymEuvJzvNH22GHmpPEWLP+h4doyFZ/9IhR9AEycNc2rGBthZ5FiuktnFgusNag1AHr/WCj5pttw==",
      "requires": {
        "@fluentui/set-version": "^8.2.1",
        "tslib": "^2.1.0"
      }
    },
    "@fluentui/react": {
      "version": "8.71.1",
      "resolved": "https://registry.npmjs.org/@fluentui/react/-/react-8.71.1.tgz",
      "integrity": "sha512-V89vRcPh1qpB89kORQ0ehr4t7ypBy0hAuyMop1GgN7GXFsq3IZpaN2ti/SDiA3fU/jt7Z4SidHhW3+45IVKYrw==",
      "requires": {
        "@fluentui/date-time-utilities": "^8.5.1",
        "@fluentui/font-icons-mdl2": "^8.4.0",
        "@fluentui/foundation-legacy": "^8.2.7",
        "@fluentui/merge-styles": "^8.5.2",
        "@fluentui/react-focus": "^8.6.0",
        "@fluentui/react-hooks": "^8.5.5",
        "@fluentui/react-portal-compat-context": "^9.0.0-rc.2",
        "@fluentui/react-window-provider": "^2.2.1",
        "@fluentui/set-version": "^8.2.1",
        "@fluentui/style-utilities": "^8.6.7",
        "@fluentui/theme": "^2.6.6",
        "@fluentui/utilities": "^8.8.3",
        "@microsoft/load-themed-styles": "^1.10.26",
        "tslib": "^2.1.0"
      }
    },
    "@fluentui/react-focus": {
      "version": "8.6.0",
      "resolved": "https://registry.npmjs.org/@fluentui/react-focus/-/react-focus-8.6.0.tgz",
      "integrity": "sha512-mQWAHZHmKd8hlUqNeagbIYMANECtFVPyizmDl1GIlhpT6bP7LR8xSf5oZ+Yv52tjhWjY4KWfivH9+fiBEUh5Wg==",
      "requires": {
        "@fluentui/keyboard-key": "^0.4.1",
        "@fluentui/merge-styles": "^8.5.2",
        "@fluentui/set-version": "^8.2.1",
        "@fluentui/style-utilities": "^8.6.7",
        "@fluentui/utilities": "^8.8.3",
        "tslib": "^2.1.0"
      }
    },
    "@fluentui/react-hooks": {
      "version": "8.5.5",
      "resolved": "https://registry.npmjs.org/@fluentui/react-hooks/-/react-hooks-8.5.5.tgz",
      "integrity": "sha512-jtEBOi6iubsdyBfW3Z034t2TrF7uncXvx6/yYZn9zD5YBpPMMJKcUmxjbpcApRdMUA6BarKq+MqyvkbxCpcsWw==",
      "requires": {
        "@fluentui/react-window-provider": "^2.2.1",
        "@fluentui/set-version": "^8.2.1",
        "@fluentui/utilities": "^8.8.3",
        "tslib": "^2.1.0"
      }
    },
    "@fluentui/react-portal-compat-context": {
      "version": "9.0.0-rc.2",
      "resolved": "https://registry.npmjs.org/@fluentui/react-portal-compat-context/-/react-portal-compat-context-9.0.0-rc.2.tgz",
      "integrity": "sha512-AAWLmggcbPIfldF3ZeSHpA9J2Z9C0Eano+8hCgKrKJ1b2uGZUzFMqOOgRAKrNwR8Ke4DXXIBlpy/6xbH1OkF8w==",
      "requires": {
        "tslib": "^2.1.0"
      }
    },
    "@fluentui/react-window-provider": {
      "version": "2.2.1",
      "resolved": "https://registry.npmjs.org/@fluentui/react-window-provider/-/react-window-provider-2.2.1.tgz",
      "integrity": "sha512-Y0j+lAYKeD/qswzFZWPkHmvtBlRS2WPJIkpyGvfBVZaCeq3DGKRppoOCOmED762bKOXzM/G/ZNEcBa7CY1gkYw==",
      "requires": {
        "@fluentui/set-version": "^8.2.1",
        "tslib": "^2.1.0"
      }
    },
    "@fluentui/set-version": {
      "version": "8.2.1",
      "resolved": "https://registry.npmjs.org/@fluentui/set-version/-/set-version-8.2.1.tgz",
      "integrity": "sha512-SZMP2P7RSUuVHYWIBcnlxYruvchlnoqensCvoaGeiH0FisO7etwJdFwKNegV7WEA9uS5ZOK3qVmyvD71DxaSng==",
      "requires": {
        "tslib": "^2.1.0"
      }
    },
    "@fluentui/style-utilities": {
      "version": "8.6.7",
      "resolved": "https://registry.npmjs.org/@fluentui/style-utilities/-/style-utilities-8.6.7.tgz",
      "integrity": "sha512-FVMXM9cuCuEVWvyJLE7rXVmbIvnY6lmyTbJcOwiyZMmQbQkggZnuJPJhDSCHjDW1DiVhEKjqBqOoiV7WqnDvMQ==",
      "requires": {
        "@fluentui/merge-styles": "^8.5.2",
        "@fluentui/set-version": "^8.2.1",
        "@fluentui/theme": "^2.6.6",
        "@fluentui/utilities": "^8.8.3",
        "@microsoft/load-themed-styles": "^1.10.26",
        "tslib": "^2.1.0"
      }
    },
    "@fluentui/theme": {
      "version": "2.6.6",
      "resolved": "https://registry.npmjs.org/@fluentui/theme/-/theme-2.6.6.tgz",
      "integrity": "sha512-VP2PFZf4eKrXVlCJGHskW7B/oXBLtiEFm3ismRhhWgJCPeekYnHj6Q7wlr4oiEeIJ3TOGySHhdC7d54Zc6dAeA==",
      "requires": {
        "@fluentui/merge-styles": "^8.5.2",
        "@fluentui/set-version": "^8.2.1",
        "@fluentui/utilities": "^8.8.3",
        "tslib": "^2.1.0"
      }
    },
    "@fluentui/utilities": {
      "version": "8.8.3",
      "resolved": "https://registry.npmjs.org/@fluentui/utilities/-/utilities-8.8.3.tgz",
      "integrity": "sha512-ZehG5uy/9v5h/Q4CC9yJ5xEC0jqUJlDYen8Op7ki2vunvE+GTdNP9lkTUk2H7/cVKmSgEHsaMr37ZYc2V1N5vw==",
      "requires": {
        "@fluentui/dom-utilities": "^2.2.1",
        "@fluentui/merge-styles": "^8.5.2",
        "@fluentui/set-version": "^8.2.1",
        "tslib": "^2.1.0"
      }
    },
    "@microsoft/load-themed-styles": {
      "version": "1.10.267",
      "resolved": "https://registry.npmjs.org/@microsoft/load-themed-styles/-/load-themed-styles-1.10.267.tgz",
      "integrity": "sha512-KlmENglyBXXtPfou+1kUtSIHZHmJrmDHYMvTXe82Ibucv+bpFg3xt3qd6UnqqwtaIM3SA+nKu8AhaL9FX6uk4A=="
    },
    "@types/prop-types": {
      "version": "15.7.5",
      "resolved": "https://registry.npmjs.org/@types/prop-types/-/prop-types-15.7.5.tgz",
      "integrity": "sha512-JCB8C6SnDoQf0cNycqd/35A7MjcnK+ZTqE7judS6o7utxUCg6imJg3QK2qzHKszlTjcj2cn+NwMB2i96ubpj7w==",
      "peer": true
    },
    "@types/react": {
      "version": "17.0.45",
      "resolved": "https://registry.npmjs.org/@types/react/-/react-17.0.45.tgz",
      "integrity": "sha512-YfhQ22Lah2e3CHPsb93tRwIGNiSwkuz1/blk4e6QrWS0jQzCSNbGLtOEYhPg02W0yGTTmpajp7dCTbBAMN3qsg==",
      "peer": true,
      "requires": {
        "@types/prop-types": "*",
        "@types/scheduler": "*",
        "csstype": "^3.0.2"
      }
    },
    "@types/react-dom": {
      "version": "17.0.17",
      "resolved": "https://registry.npmjs.org/@types/react-dom/-/react-dom-17.0.17.tgz",
      "integrity": "sha512-VjnqEmqGnasQKV0CWLevqMTXBYG9GbwuE6x3VetERLh0cq2LTptFE73MrQi2S7GkKXCf2GgwItB/melLnxfnsg==",
      "peer": true,
      "requires": {
        "@types/react": "^17"
      }
    },
    "@types/scheduler": {
      "version": "0.16.2",
      "resolved": "https://registry.npmjs.org/@types/scheduler/-/scheduler-0.16.2.tgz",
      "integrity": "sha512-hppQEBDmlwhFAXKJX2KnWLYu5yMfi91yazPb2l+lbJiwW+wdo1gNeRA+3RgNSO39WYX2euey41KEwnqesU2Jew==",
      "peer": true
    },
    "csstype": {
      "version": "3.1.0",
      "resolved": "https://registry.npmjs.org/csstype/-/csstype-3.1.0.tgz",
      "integrity": "sha512-uX1KG+x9h5hIJsaKR9xHUeUraxf8IODOwq9JLNPq6BwB04a/xgpq3rcx47l5BZu5zBPlgD342tdke3Hom/nJRA==",
      "peer": true
    },
    "js-tokens": {
      "version": "4.0.0",
      "resolved": "https://registry.npmjs.org/js-tokens/-/js-tokens-4.0.0.tgz",
      "integrity": "sha512-RdJUflcE3cUzKiMqQgsCu06FPu9UdIJO0beYbPhHN4k6apgJtifcoCtT9bcxOpYBtpD2kCM6Sbzg4CausW/PKQ=="
    },
    "loose-envify": {
      "version": "1.4.0",
      "resolved": "https://registry.npmjs.org/loose-envify/-/loose-envify-1.4.0.tgz",
      "integrity": "sha512-lyuxPGr/Wfhrlem2CL/UcnUc1zcqKAImBDzukY7Y5F/yQiNdko6+fRLevlw1HgMySw7f611UIY408EtxRSoK3Q==",
      "requires": {
        "js-tokens": "^3.0.0 || ^4.0.0"
      }
    },
    "object-assign": {
      "version": "4.1.1",
      "resolved": "https://registry.npmjs.org/object-assign/-/object-assign-4.1.1.tgz",
      "integrity": "sha1-IQmtx5ZYh8/AXLvUQsrIv7s2CGM="
    },
    "react": {
      "version": "17.0.2",
      "resolved": "https://registry.npmjs.org/react/-/react-17.0.2.tgz",
      "integrity": "sha512-gnhPt75i/dq/z3/6q/0asP78D0u592D5L1pd7M8P+dck6Fu/jJeL6iVVK23fptSUZj8Vjf++7wXA8UNclGQcbA==",
      "requires": {
        "loose-envify": "^1.1.0",
        "object-assign": "^4.1.1"
      }
    },
    "react-dom": {
      "version": "17.0.2",
      "resolved": "https://registry.npmjs.org/react-dom/-/react-dom-17.0.2.tgz",
      "integrity": "sha512-s4h96KtLDUQlsENhMn1ar8t2bEa+q/YAtj8pPPdIjPDGBDIVNsrD9aXNWqspUe6AzKCIG0C1HZZLqLV7qpOBGA==",
      "peer": true,
      "requires": {
        "loose-envify": "^1.1.0",
        "object-assign": "^4.1.1",
        "scheduler": "^0.20.2"
      }
    },
    "scheduler": {
      "version": "0.20.2",
      "resolved": "https://registry.npmjs.org/scheduler/-/scheduler-0.20.2.tgz",
      "integrity": "sha512-2eWfGgAqqWFGqtdMmcL5zCMK1U8KlXv8SQFGglL3CEtd0aDVDWgeF/YoCmvln55m5zSk3J/20hTaSBeSObsQDQ==",
      "peer": true,
      "requires": {
        "loose-envify": "^1.1.0",
        "object-assign": "^4.1.1"
      }
    },
    "tslib": {
      "version": "2.4.0",
      "resolved": "https://registry.npmjs.org/tslib/-/tslib-2.4.0.tgz",
      "integrity": "sha512-d6xOpEDfsi2CZVlPQzGeux8XMwLT9hssAsaPYExaQMuYskwb+x1x7J371tWlbBdWHroy99KnVB6qIkUbs5X3UQ=="
    },
    "typescript": {
      "version": "4.7.2",
      "resolved": "https://registry.npmjs.org/typescript/-/typescript-4.7.2.tgz",
      "integrity": "sha512-Mamb1iX2FDUpcTRzltPxgWMKy3fhg0TN378ylbktPGPK/99KbDtMQ4W1hwgsbPAsG3a0xKa1vmw4VKZQbkvz5A==",
      "dev": true
    }
  }
}
